
Microsoft Visual Studio Solution File, Format Version 12.00
# Visual Studio Version 17
VisualStudioVersion = 17.11.35312.102
MinimumVisualStudioVersion = 10.0.40219.1
Project("{FAE04EC0-301F-11D3-BF4B-00C04F79EFBC}") = "TcpClient", "hw3\TcpClient.csproj", "{AE2B909B-406F-4965-8FDA-A298D0766F94}"
EndProject
Project("{FAE04EC0-301F-11D3-BF4B-00C04F79EFBC}") = "LocalLibrary", "LocalLibrary\LocalLibrary.csproj", "{F2487777-EDAF-45E3-90A2-2F0A50350F1A}"
EndProject
Project("{9A19103F-16F7-4668-BE54-9A1E7A4F7556}") = "TcpServer", "TcpServer\TcpServer.csproj", "{2FD3FAF3-AC81-450D-9A0F-420D1CF465D8}"
EndProject
Global
	GlobalSection(SolutionConfigurationPlatforms) = preSolution
		Debug|Any CPU = Debug|Any CPU
		Release|Any CPU = Release|Any CPU
	EndGlobalSection
	GlobalSection(ProjectConfigurationPlatforms) = postSolution
		{AE2B909B-406F-4965-8FDA-A298D0766F94}.Debug|Any CPU.ActiveCfg = Debug|Any CPU
		{AE2B909B-406F-4965-8FDA-A298D0766F94}.Debug|Any CPU.Build.0 = Debug|Any CPU
		{AE2B909B-406F-4965-8FDA-A298D0766F94}.Release|Any CPU.ActiveCfg = Release|Any CPU
		{AE2B909B-406F-4965-8FDA-A298D0766F94}.Release|Any CPU.Build.0 = Release|Any CPU
		{F2487777-EDAF-45E3-90A2-2F0A50350F1A}.Debug|Any CPU.ActiveCfg = Debug|Any CPU
		{F2487777-EDAF-45E3-90A2-2F0A50350F1A}.Debug|Any CPU.Build.0 = Debug|Any CPU
		{F2487777-EDAF-45E3-90A2-2F0A50350F1A}.Release|Any CPU.ActiveCfg = Release|Any CPU
		{F2487777-EDAF-45E3-90A2-2F0A50350F1A}.Release|Any CPU.Build.0 = Release|Any CPU
		{2FD3FAF3-AC81-450D-9A0F-420D1CF465D8}.Debug|Any CPU.ActiveCfg = Debug|Any CPU
		{2FD3FAF3-AC81-450D-9A0F-420D1CF465D8}.Debug|Any CPU.Build.0 = Debug|Any CPU
		{2FD3FAF3-AC81-450D-9A0F-420D1CF465D8}.Release|Any CPU.ActiveCfg = Release|Any CPU
		{2FD3FAF3-AC81-450D-9A0F-420D1CF465D8}.Release|Any CPU.Build.0 = Release|Any CPU
	EndGlobalSection
	GlobalSection(SolutionProperties) = preSolution
		HideSolutionNode = FALSE
	EndGlobalSection
	GlobalSection(ExtensibilityGlobals) = postSolution
		SolutionGuid = {10E5D289-915C-4783-8B6D-CEB113C8EA00}
	EndGlobalSection
EndGlobal
