
Microsoft Visual Studio Solution File, Format Version 12.00
# Visual Studio Version 17
VisualStudioVersion = 17.11.35312.102
MinimumVisualStudioVersion = 10.0.40219.1
Project("{FAE04EC0-301F-11D3-BF4B-00C04F79EFBC}") = "hw4", "hw4\hw4.csproj", "{992FB6E2-3277-4E68-A2AA-D2C10F42FD1A}"
EndProject
Project("{FAE04EC0-301F-11D3-BF4B-00C04F79EFBC}") = "TcpServer", "TcpServer\TcpServer.csproj", "{F0396B35-883A-4F6D-8636-4A86C384F6BA}"
EndProject
Project("{FAE04EC0-301F-11D3-BF4B-00C04F79EFBC}") = "LocalLibrary", "LocalLibrary\LocalLibrary.csproj", "{7440991B-B7B8-4B41-9607-1D3AD27C44AD}"
EndProject
Project("{FAE04EC0-301F-11D3-BF4B-00C04F79EFBC}") = "TcpClient", "TcpClient\TcpClient.csproj", "{8F76F9CD-4D63-4C41-8E00-4AE9F4AF7037}"
EndProject
Global
	GlobalSection(SolutionConfigurationPlatforms) = preSolution
		Debug|Any CPU = Debug|Any CPU
		Release|Any CPU = Release|Any CPU
	EndGlobalSection
	GlobalSection(ProjectConfigurationPlatforms) = postSolution
		{992FB6E2-3277-4E68-A2AA-D2C10F42FD1A}.Debug|Any CPU.ActiveCfg = Debug|Any CPU
		{992FB6E2-3277-4E68-A2AA-D2C10F42FD1A}.Debug|Any CPU.Build.0 = Debug|Any CPU
		{992FB6E2-3277-4E68-A2AA-D2C10F42FD1A}.Release|Any CPU.ActiveCfg = Release|Any CPU
		{992FB6E2-3277-4E68-A2AA-D2C10F42FD1A}.Release|Any CPU.Build.0 = Release|Any CPU
		{F0396B35-883A-4F6D-8636-4A86C384F6BA}.Debug|Any CPU.ActiveCfg = Debug|Any CPU
		{F0396B35-883A-4F6D-8636-4A86C384F6BA}.Debug|Any CPU.Build.0 = Debug|Any CPU
		{F0396B35-883A-4F6D-8636-4A86C384F6BA}.Release|Any CPU.ActiveCfg = Release|Any CPU
		{F0396B35-883A-4F6D-8636-4A86C384F6BA}.Release|Any CPU.Build.0 = Release|Any CPU
		{7440991B-B7B8-4B41-9607-1D3AD27C44AD}.Debug|Any CPU.ActiveCfg = Debug|Any CPU
		{7440991B-B7B8-4B41-9607-1D3AD27C44AD}.Debug|Any CPU.Build.0 = Debug|Any CPU
		{7440991B-B7B8-4B41-9607-1D3AD27C44AD}.Release|Any CPU.ActiveCfg = Release|Any CPU
		{7440991B-B7B8-4B41-9607-1D3AD27C44AD}.Release|Any CPU.Build.0 = Release|Any CPU
		{8F76F9CD-4D63-4C41-8E00-4AE9F4AF7037}.Debug|Any CPU.ActiveCfg = Debug|Any CPU
		{8F76F9CD-4D63-4C41-8E00-4AE9F4AF7037}.Debug|Any CPU.Build.0 = Debug|Any CPU
		{8F76F9CD-4D63-4C41-8E00-4AE9F4AF7037}.Release|Any CPU.ActiveCfg = Release|Any CPU
		{8F76F9CD-4D63-4C41-8E00-4AE9F4AF7037}.Release|Any CPU.Build.0 = Release|Any CPU
	EndGlobalSection
	GlobalSection(SolutionProperties) = preSolution
		HideSolutionNode = FALSE
	EndGlobalSection
	GlobalSection(ExtensibilityGlobals) = postSolution
		SolutionGuid = {50C3C6E6-3458-477F-B941-8FC9892BE169}
	EndGlobalSection
EndGlobal
