
Microsoft Visual Studio Solution File, Format Version 12.00
# Visual Studio Version 17
VisualStudioVersion = 17.11.35312.102
MinimumVisualStudioVersion = 10.0.40219.1
Project("{FAE04EC0-301F-11D3-BF4B-00C04F79EFBC}") = "Net5", "Net5\Net5.csproj", "{28D38423-41B5-4D2A-8089-F790D9CB243C}"
EndProject
Global
	GlobalSection(SolutionConfigurationPlatforms) = preSolution
		Debug|Any CPU = Debug|Any CPU
		Release|Any CPU = Release|Any CPU
	EndGlobalSection
	GlobalSection(ProjectConfigurationPlatforms) = postSolution
		{28D38423-41B5-4D2A-8089-F790D9CB243C}.Debug|Any CPU.ActiveCfg = Debug|Any CPU
		{28D38423-41B5-4D2A-8089-F790D9CB243C}.Debug|Any CPU.Build.0 = Debug|Any CPU
		{28D38423-41B5-4D2A-8089-F790D9CB243C}.Release|Any CPU.ActiveCfg = Release|Any CPU
		{28D38423-41B5-4D2A-8089-F790D9CB243C}.Release|Any CPU.Build.0 = Release|Any CPU
	EndGlobalSection
	GlobalSection(SolutionProperties) = preSolution
		HideSolutionNode = FALSE
	EndGlobalSection
	GlobalSection(ExtensibilityGlobals) = postSolution
		SolutionGuid = {7AFAE365-DB3A-4A65-8246-A8930718BCFC}
	EndGlobalSection
EndGlobal
